
Microsoft Visual Studio Solution File, Format Version 12.00
# Visual Studio 15
VisualStudioVersion = 15.0.28010.2016
MinimumVisualStudioVersion = 10.0.40219.1
Project("{FAE04EC0-301F-11D3-BF4B-00C04F79EFBC}") = "atestat", "atestat\atestat.csproj", "{23A8D79F-DB68-4529-8E94-35F360EF5308}"
EndProject
Global
	GlobalSection(SolutionConfigurationPlatforms) = preSolution
		Debug|Any CPU = Debug|Any CPU
		Release|Any CPU = Release|Any CPU
	EndGlobalSection
	GlobalSection(ProjectConfigurationPlatforms) = postSolution
		{23A8D79F-DB68-4529-8E94-35F360EF5308}.Debug|Any CPU.ActiveCfg = Debug|Any CPU
		{23A8D79F-DB68-4529-8E94-35F360EF5308}.Debug|Any CPU.Build.0 = Debug|Any CPU
		{23A8D79F-DB68-4529-8E94-35F360EF5308}.Release|Any CPU.ActiveCfg = Release|Any CPU
		{23A8D79F-DB68-4529-8E94-35F360EF5308}.Release|Any CPU.Build.0 = Release|Any CPU
	EndGlobalSection
	GlobalSection(SolutionProperties) = preSolution
		HideSolutionNode = FALSE
	EndGlobalSection
	GlobalSection(ExtensibilityGlobals) = postSolution
		SolutionGuid = {5F416A1B-D0D1-42B2-97C9-61484B34DD15}
	EndGlobalSection
EndGlobal
